
Microsoft Visual Studio Solution File, Format Version 12.00
# Visual Studio 15
VisualStudioVersion = 15.0.26430.14
MinimumVisualStudioVersion = 10.0.40219.1
Project("{FAE04EC0-301F-11D3-BF4B-00C04F79EFBC}") = "dr_yi", "dr_yi\dr_yi.csproj", "{A519DA44-9F04-4295-A6E3-EC3B8530FD8E}"
EndProject
Project("{2150E333-8FDC-42A3-9474-1A3956D46DE8}") = "readme", "readme", "{62BC98D3-BC08-4162-AC84-CE1F9D5BC128}"
	ProjectSection(SolutionItems) = preProject
		.gitattributes = .gitattributes
		.gitignore = .gitignore
		README.md = README.md
	EndProjectSection
EndProject
Global
	GlobalSection(SolutionConfigurationPlatforms) = preSolution
		Debug|Any CPU = Debug|Any CPU
		Release|Any CPU = Release|Any CPU
	EndGlobalSection
	GlobalSection(ProjectConfigurationPlatforms) = postSolution
		{A519DA44-9F04-4295-A6E3-EC3B8530FD8E}.Debug|Any CPU.ActiveCfg = Debug|Any CPU
		{A519DA44-9F04-4295-A6E3-EC3B8530FD8E}.Debug|Any CPU.Build.0 = Debug|Any CPU
		{A519DA44-9F04-4295-A6E3-EC3B8530FD8E}.Release|Any CPU.ActiveCfg = Release|Any CPU
		{A519DA44-9F04-4295-A6E3-EC3B8530FD8E}.Release|Any CPU.Build.0 = Release|Any CPU
	EndGlobalSection
	GlobalSection(SolutionProperties) = preSolution
		HideSolutionNode = FALSE
	EndGlobalSection
	GlobalSection(ExtensibilityGlobals) = postSolution
		SolutionGuid = {E53F9E22-0651-4402-A4B6-56B9C0F3F797}
	EndGlobalSection
EndGlobal
